
Microsoft Visual Studio Solution File, Format Version 12.00
# Visual Studio Version 17
VisualStudioVersion = 17.9.34701.34
MinimumVisualStudioVersion = 10.0.40219.1
Project("{FAE04EC0-301F-11D3-BF4B-00C04F79EFBC}") = "Zadanie projektowe", "Zadanie projektowe\Zadanie projektowe.csproj", "{FC1FDE0F-7B79-4C41-BA43-2C25A3B3705C}"
EndProject
Global
	GlobalSection(SolutionConfigurationPlatforms) = preSolution
		Debug|Any CPU = Debug|Any CPU
		Release|Any CPU = Release|Any CPU
	EndGlobalSection
	GlobalSection(ProjectConfigurationPlatforms) = postSolution
		{FC1FDE0F-7B79-4C41-BA43-2C25A3B3705C}.Debug|Any CPU.ActiveCfg = Debug|Any CPU
		{FC1FDE0F-7B79-4C41-BA43-2C25A3B3705C}.Debug|Any CPU.Build.0 = Debug|Any CPU
		{FC1FDE0F-7B79-4C41-BA43-2C25A3B3705C}.Release|Any CPU.ActiveCfg = Release|Any CPU
		{FC1FDE0F-7B79-4C41-BA43-2C25A3B3705C}.Release|Any CPU.Build.0 = Release|Any CPU
	EndGlobalSection
	GlobalSection(SolutionProperties) = preSolution
		HideSolutionNode = FALSE
	EndGlobalSection
	GlobalSection(ExtensibilityGlobals) = postSolution
		SolutionGuid = {372C761A-5D16-4059-B94B-9A708E59D380}
	EndGlobalSection
EndGlobal
