
Microsoft Visual Studio Solution File, Format Version 12.00
# Visual Studio Version 17
VisualStudioVersion = 17.10.34916.146
MinimumVisualStudioVersion = 10.0.40219.1
Project("{FAE04EC0-301F-11D3-BF4B-00C04F79EFBC}") = "Zadanie4", "Zadanie4\Zadanie4.csproj", "{DD54134D-709D-413F-AA9A-BFA8B375D8C2}"
EndProject
Global
	GlobalSection(SolutionConfigurationPlatforms) = preSolution
		Debug|Any CPU = Debug|Any CPU
		Release|Any CPU = Release|Any CPU
	EndGlobalSection
	GlobalSection(ProjectConfigurationPlatforms) = postSolution
		{DD54134D-709D-413F-AA9A-BFA8B375D8C2}.Debug|Any CPU.ActiveCfg = Debug|Any CPU
		{DD54134D-709D-413F-AA9A-BFA8B375D8C2}.Debug|Any CPU.Build.0 = Debug|Any CPU
		{DD54134D-709D-413F-AA9A-BFA8B375D8C2}.Release|Any CPU.ActiveCfg = Release|Any CPU
		{DD54134D-709D-413F-AA9A-BFA8B375D8C2}.Release|Any CPU.Build.0 = Release|Any CPU
	EndGlobalSection
	GlobalSection(SolutionProperties) = preSolution
		HideSolutionNode = FALSE
	EndGlobalSection
	GlobalSection(ExtensibilityGlobals) = postSolution
		SolutionGuid = {6B712FFF-DF8E-4C51-B35D-8026C6E9F55C}
	EndGlobalSection
EndGlobal
